{
  "name": "geotiff-read-bbox",
  "version": "1.0.0",
  "lockfileVersion": 2,
  "requires": true,
  "packages": {
    "": {
      "name": "geotiff-read-bbox",
      "version": "1.0.0",
      "license": "CC0-1.0",
      "dependencies": {
        "reproject-bbox": "^0.1.0",
        "snap-bbox": "^0.2.0"
      },
      "devDependencies": {
        "flug": "^2.1.0",
        "geotiff": "^1.0.8"
      }
    },
    "node_modules/@petamoriken/float16": {
      "version": "3.4.11",
      "resolved": "https://registry.npmjs.org/@petamoriken/float16/-/float16-3.4.11.tgz",
      "integrity": "sha512-oVf38eZjdG7Wt5BXSK36M5Dcp6SnjNof+BFzhWnSghzKbJWj48XtcUVnxlkrzbYjX9mNYSyE00rC4rYUPpXVmA==",
      "dev": true
    },
    "node_modules/callsites": {
      "version": "3.1.0",
      "resolved": "https://registry.npmjs.org/callsites/-/callsites-3.1.0.tgz",
      "integrity": "sha512-P8BjAsXvZS+VIDUI11hHCQEv74YT67YUi5JJFNWIqL235sBmjX4+qx9Muvls5ivyNENctx46xQLQ3aTuE7ssaQ==",
      "dev": true,
      "engines": {
        "node": ">=6"
      }
    },
    "node_modules/debug": {
      "version": "4.3.2",
      "resolved": "https://registry.npmjs.org/debug/-/debug-4.3.2.tgz",
      "integrity": "sha512-mOp8wKcvj7XxC78zLgw/ZA+6TSgkoE2C/ienthhRD298T7UNwAg9diBpLRxC0mOezLl4B0xV7M0cCO6P/O0Xhw==",
      "dev": true,
      "dependencies": {
        "ms": "2.1.2"
      },
      "engines": {
        "node": ">=6.0"
      },
      "peerDependenciesMeta": {
        "supports-color": {
          "optional": true
        }
      }
    },
    "node_modules/esm": {
      "version": "3.2.25",
      "resolved": "https://registry.npmjs.org/esm/-/esm-3.2.25.tgz",
      "integrity": "sha512-U1suiZ2oDVWv4zPO56S0NcR5QriEahGtdN2OR6FiOG4WJvcjBVFB0qI4+eKoWFH483PKGuLuu6V8Z4T5g63UVA==",
      "dev": true,
      "optional": true,
      "engines": {
        "node": ">=6"
      }
    },
    "node_modules/flug": {
      "version": "2.1.0",
      "resolved": "https://registry.npmjs.org/flug/-/flug-2.1.0.tgz",
      "integrity": "sha512-2cYLCvJpeScx5/5xN/nGiJR2i7ZzN+1ipk/YoreQQGDgHkD1Do8F8/1eyzaUSwNsOB551FNWDQpWZWOKTy1nyQ==",
      "dev": true
    },
    "node_modules/geotiff": {
      "version": "1.0.8",
      "resolved": "https://registry.npmjs.org/geotiff/-/geotiff-1.0.8.tgz",
      "integrity": "sha512-3YA6NpGuuXF+WwwgA7moSHIw1U0XHxBY8W5bjjoSGBCVuw6s+DOgt7Z95Y3bf5k19RHixv6zW8KpW/yrRno43Q==",
      "dev": true,
      "dependencies": {
        "@petamoriken/float16": "^3.4.7",
        "lerc": "^3.0.0",
        "lru-cache": "^6.0.0",
        "pako": "^2.0.4",
        "parse-headers": "^2.0.2",
        "threads": "^1.7.0",
        "xml-utils": "^1.0.2"
      },
      "engines": {
        "browsers": "defaults",
        "node": ">=10.19"
      }
    },
    "node_modules/is-observable": {
      "version": "2.1.0",
      "resolved": "https://registry.npmjs.org/is-observable/-/is-observable-2.1.0.tgz",
      "integrity": "sha512-DailKdLb0WU+xX8K5w7VsJhapwHLZ9jjmazqCJq4X12CTgqq73TKnbRcnSLuXYPOoLQgV5IrD7ePiX/h1vnkBw==",
      "dev": true,
      "engines": {
        "node": ">=8"
      },
      "funding": {
        "url": "https://github.com/sponsors/sindresorhus"
      }
    },
    "node_modules/lerc": {
      "version": "3.0.0",
      "resolved": "https://registry.npmjs.org/lerc/-/lerc-3.0.0.tgz",
      "integrity": "sha512-Rm4J/WaHhRa93nCN2mwWDZFoRVF18G1f47C+kvQWyHGEZxFpTUi73p7lMVSAndyxGt6lJ2/CFbOcf9ra5p8aww==",
      "dev": true
    },
    "node_modules/lru-cache": {
      "version": "6.0.0",
      "resolved": "https://registry.npmjs.org/lru-cache/-/lru-cache-6.0.0.tgz",
      "integrity": "sha512-Jo6dJ04CmSjuznwJSS3pUeWmd/H0ffTlkXXgwZi+eq1UCmqQwCh+eLsYOYCwY991i2Fah4h1BEMCx4qThGbsiA==",
      "dev": true,
      "dependencies": {
        "yallist": "^4.0.0"
      },
      "engines": {
        "node": ">=10"
      }
    },
    "node_modules/mgrs": {
      "version": "1.0.0",
      "resolved": "https://registry.npmjs.org/mgrs/-/mgrs-1.0.0.tgz",
      "integrity": "sha1-+5FYjnjJACVnI5XLQLJffNatGCk="
    },
    "node_modules/ms": {
      "version": "2.1.2",
      "resolved": "https://registry.npmjs.org/ms/-/ms-2.1.2.tgz",
      "integrity": "sha512-sGkPx+VjMtmA6MX27oA4FBFELFCZZ4S4XqeGOXCv68tT+jb3vk/RyaKWP0PTKyWtmLSM0b+adUTEvbs1PEaH2w==",
      "dev": true
    },
    "node_modules/observable-fns": {
      "version": "0.6.1",
      "resolved": "https://registry.npmjs.org/observable-fns/-/observable-fns-0.6.1.tgz",
      "integrity": "sha512-9gRK4+sRWzeN6AOewNBTLXir7Zl/i3GB6Yl26gK4flxz8BXVpD3kt8amREmWNb0mxYOGDotvE5a4N+PtGGKdkg==",
      "dev": true
    },
    "node_modules/pako": {
      "version": "2.0.4",
      "resolved": "https://registry.npmjs.org/pako/-/pako-2.0.4.tgz",
      "integrity": "sha512-v8tweI900AUkZN6heMU/4Uy4cXRc2AYNRggVmTR+dEncawDJgCdLMximOVA2p4qO57WMynangsfGRb5WD6L1Bg==",
      "dev": true
    },
    "node_modules/parse-headers": {
      "version": "2.0.4",
      "resolved": "https://registry.npmjs.org/parse-headers/-/parse-headers-2.0.4.tgz",
      "integrity": "sha512-psZ9iZoCNFLrgRjZ1d8mn0h9WRqJwFxM9q3x7iUjN/YT2OksthDJ5TiPCu2F38kS4zutqfW+YdVVkBZZx3/1aw==",
      "dev": true
    },
    "node_modules/proj4": {
      "version": "2.7.5",
      "resolved": "https://registry.npmjs.org/proj4/-/proj4-2.7.5.tgz",
      "integrity": "sha512-5ecXUXbHAfvdhfBQpU7EhUfPCQGUCPmVup/4gnZA3bJY3JcK/xxzm4QQDz1xiXokN6ux65VDczlCtBtKrTSpAQ==",
      "dependencies": {
        "mgrs": "1.0.0",
        "wkt-parser": "^1.3.1"
      }
    },
    "node_modules/proj4-fully-loaded": {
      "version": "0.0.4",
      "resolved": "https://registry.npmjs.org/proj4-fully-loaded/-/proj4-fully-loaded-0.0.4.tgz",
      "integrity": "sha512-74v+nA/T6Hcilukd0nFNTNSEf6Up62jzpLssk4Pr6psRWy2nZCdFV90kb4ZjmbbqBqu7V4D8G9C5V54NixBK4g==",
      "dependencies": {
        "proj4": "^2.7.2",
        "proj4js-definitions": "^0.1.0"
      }
    },
    "node_modules/proj4js-definitions": {
      "version": "0.1.0",
      "resolved": "https://registry.npmjs.org/proj4js-definitions/-/proj4js-definitions-0.1.0.tgz",
      "integrity": "sha512-qmyhkWihIa3E3ZiFsNxvap6oS5+zEH85felbe/YVFuCr1E2j5yUrNQUOU9UEbvKkRJW9kk0MhENtbW3+9Nnr3g=="
    },
    "node_modules/reproject-bbox": {
      "version": "0.1.0",
      "resolved": "https://registry.npmjs.org/reproject-bbox/-/reproject-bbox-0.1.0.tgz",
      "integrity": "sha512-vR2dbK3kp5X9nDpWycuPw7DswBxkaANDm738Ez8oo/X4uT+0U5qj/KeYf7U8gddnE2fwC5NBo5VITB4385vCvw==",
      "dependencies": {
        "proj4-fully-loaded": "^0.0.4"
      }
    },
    "node_modules/snap-bbox": {
      "version": "0.2.0",
      "resolved": "https://registry.npmjs.org/snap-bbox/-/snap-bbox-0.2.0.tgz",
      "integrity": "sha512-sBK60xfdvcw967KB4SiE3rCfgMp/X/IJekkt7s1VsIK/dn8fg8LCfUaZ5ycgfaWOlpKAG8WZTjowR0uQ5qlAMg=="
    },
    "node_modules/threads": {
      "version": "1.7.0",
      "resolved": "https://registry.npmjs.org/threads/-/threads-1.7.0.tgz",
      "integrity": "sha512-Mx5NBSHX3sQYR6iI9VYbgHKBLisyB+xROCBGjjWm1O9wb9vfLxdaGtmT/KCjUqMsSNW6nERzCW3T6H43LqjDZQ==",
      "dev": true,
      "dependencies": {
        "callsites": "^3.1.0",
        "debug": "^4.2.0",
        "is-observable": "^2.1.0",
        "observable-fns": "^0.6.1"
      },
      "funding": {
        "url": "https://github.com/andywer/threads.js?sponsor=1"
      },
      "optionalDependencies": {
        "tiny-worker": ">= 2"
      }
    },
    "node_modules/tiny-worker": {
      "version": "2.3.0",
      "resolved": "https://registry.npmjs.org/tiny-worker/-/tiny-worker-2.3.0.tgz",
      "integrity": "sha512-pJ70wq5EAqTAEl9IkGzA+fN0836rycEuz2Cn6yeZ6FRzlVS5IDOkFHpIoEsksPRQV34GDqXm65+OlnZqUSyK2g==",
      "dev": true,
      "optional": true,
      "dependencies": {
        "esm": "^3.2.25"
      }
    },
    "node_modules/wkt-parser": {
      "version": "1.3.1",
      "resolved": "https://registry.npmjs.org/wkt-parser/-/wkt-parser-1.3.1.tgz",
      "integrity": "sha512-XK5qV+Y5gsygQfHx2/cS5a7Zxsgleaw8iX5UPC5eOXPc0TgJAu1JB9lr0iYYX3zAnN3p0aNiaN5c+1Bdblxwrg=="
    },
    "node_modules/xml-utils": {
      "version": "1.0.2",
      "resolved": "https://registry.npmjs.org/xml-utils/-/xml-utils-1.0.2.tgz",
      "integrity": "sha512-rEn0FvKi+YGjv9omf22oAf+0d6Ly/sgJ/CUufU/nOzS7SRLmgwSujrewc03KojXxt+aPaTRpm593TgehtUBMSQ==",
      "dev": true
    },
    "node_modules/yallist": {
      "version": "4.0.0",
      "resolved": "https://registry.npmjs.org/yallist/-/yallist-4.0.0.tgz",
      "integrity": "sha512-3wdGidZyq5PB084XLES5TpOSRA3wjXAlIWMhum2kRcv/41Sn2emQ0dycQW4uZXLejwKvg6EsvbdlVL+FYEct7A==",
      "dev": true
    }
  },
  "dependencies": {
    "@petamoriken/float16": {
      "version": "3.4.11",
      "resolved": "https://registry.npmjs.org/@petamoriken/float16/-/float16-3.4.11.tgz",
      "integrity": "sha512-oVf38eZjdG7Wt5BXSK36M5Dcp6SnjNof+BFzhWnSghzKbJWj48XtcUVnxlkrzbYjX9mNYSyE00rC4rYUPpXVmA==",
      "dev": true
    },
    "callsites": {
      "version": "3.1.0",
      "resolved": "https://registry.npmjs.org/callsites/-/callsites-3.1.0.tgz",
      "integrity": "sha512-P8BjAsXvZS+VIDUI11hHCQEv74YT67YUi5JJFNWIqL235sBmjX4+qx9Muvls5ivyNENctx46xQLQ3aTuE7ssaQ==",
      "dev": true
    },
    "debug": {
      "version": "4.3.2",
      "resolved": "https://registry.npmjs.org/debug/-/debug-4.3.2.tgz",
      "integrity": "sha512-mOp8wKcvj7XxC78zLgw/ZA+6TSgkoE2C/ienthhRD298T7UNwAg9diBpLRxC0mOezLl4B0xV7M0cCO6P/O0Xhw==",
      "dev": true,
      "requires": {
        "ms": "2.1.2"
      }
    },
    "esm": {
      "version": "3.2.25",
      "resolved": "https://registry.npmjs.org/esm/-/esm-3.2.25.tgz",
      "integrity": "sha512-U1suiZ2oDVWv4zPO56S0NcR5QriEahGtdN2OR6FiOG4WJvcjBVFB0qI4+eKoWFH483PKGuLuu6V8Z4T5g63UVA==",
      "dev": true,
      "optional": true
    },
    "flug": {
      "version": "2.1.0",
      "resolved": "https://registry.npmjs.org/flug/-/flug-2.1.0.tgz",
      "integrity": "sha512-2cYLCvJpeScx5/5xN/nGiJR2i7ZzN+1ipk/YoreQQGDgHkD1Do8F8/1eyzaUSwNsOB551FNWDQpWZWOKTy1nyQ==",
      "dev": true
    },
    "geotiff": {
      "version": "1.0.8",
      "resolved": "https://registry.npmjs.org/geotiff/-/geotiff-1.0.8.tgz",
      "integrity": "sha512-3YA6NpGuuXF+WwwgA7moSHIw1U0XHxBY8W5bjjoSGBCVuw6s+DOgt7Z95Y3bf5k19RHixv6zW8KpW/yrRno43Q==",
      "dev": true,
      "requires": {
        "@petamoriken/float16": "^3.4.7",
        "lerc": "^3.0.0",
        "lru-cache": "^6.0.0",
        "pako": "^2.0.4",
        "parse-headers": "^2.0.2",
        "threads": "^1.7.0",
        "xml-utils": "^1.0.2"
      }
    },
    "is-observable": {
      "version": "2.1.0",
      "resolved": "https://registry.npmjs.org/is-observable/-/is-observable-2.1.0.tgz",
      "integrity": "sha512-DailKdLb0WU+xX8K5w7VsJhapwHLZ9jjmazqCJq4X12CTgqq73TKnbRcnSLuXYPOoLQgV5IrD7ePiX/h1vnkBw==",
      "dev": true
    },
    "lerc": {
      "version": "3.0.0",
      "resolved": "https://registry.npmjs.org/lerc/-/lerc-3.0.0.tgz",
      "integrity": "sha512-Rm4J/WaHhRa93nCN2mwWDZFoRVF18G1f47C+kvQWyHGEZxFpTUi73p7lMVSAndyxGt6lJ2/CFbOcf9ra5p8aww==",
      "dev": true
    },
    "lru-cache": {
      "version": "6.0.0",
      "resolved": "https://registry.npmjs.org/lru-cache/-/lru-cache-6.0.0.tgz",
      "integrity": "sha512-Jo6dJ04CmSjuznwJSS3pUeWmd/H0ffTlkXXgwZi+eq1UCmqQwCh+eLsYOYCwY991i2Fah4h1BEMCx4qThGbsiA==",
      "dev": true,
      "requires": {
        "yallist": "^4.0.0"
      }
    },
    "mgrs": {
      "version": "1.0.0",
      "resolved": "https://registry.npmjs.org/mgrs/-/mgrs-1.0.0.tgz",
      "integrity": "sha1-+5FYjnjJACVnI5XLQLJffNatGCk="
    },
    "ms": {
      "version": "2.1.2",
      "resolved": "https://registry.npmjs.org/ms/-/ms-2.1.2.tgz",
      "integrity": "sha512-sGkPx+VjMtmA6MX27oA4FBFELFCZZ4S4XqeGOXCv68tT+jb3vk/RyaKWP0PTKyWtmLSM0b+adUTEvbs1PEaH2w==",
      "dev": true
    },
    "observable-fns": {
      "version": "0.6.1",
      "resolved": "https://registry.npmjs.org/observable-fns/-/observable-fns-0.6.1.tgz",
      "integrity": "sha512-9gRK4+sRWzeN6AOewNBTLXir7Zl/i3GB6Yl26gK4flxz8BXVpD3kt8amREmWNb0mxYOGDotvE5a4N+PtGGKdkg==",
      "dev": true
    },
    "pako": {
      "version": "2.0.4",
      "resolved": "https://registry.npmjs.org/pako/-/pako-2.0.4.tgz",
      "integrity": "sha512-v8tweI900AUkZN6heMU/4Uy4cXRc2AYNRggVmTR+dEncawDJgCdLMximOVA2p4qO57WMynangsfGRb5WD6L1Bg==",
      "dev": true
    },
    "parse-headers": {
      "version": "2.0.4",
      "resolved": "https://registry.npmjs.org/parse-headers/-/parse-headers-2.0.4.tgz",
      "integrity": "sha512-psZ9iZoCNFLrgRjZ1d8mn0h9WRqJwFxM9q3x7iUjN/YT2OksthDJ5TiPCu2F38kS4zutqfW+YdVVkBZZx3/1aw==",
      "dev": true
    },
    "proj4": {
      "version": "2.7.5",
      "resolved": "https://registry.npmjs.org/proj4/-/proj4-2.7.5.tgz",
      "integrity": "sha512-5ecXUXbHAfvdhfBQpU7EhUfPCQGUCPmVup/4gnZA3bJY3JcK/xxzm4QQDz1xiXokN6ux65VDczlCtBtKrTSpAQ==",
      "requires": {
        "mgrs": "1.0.0",
        "wkt-parser": "^1.3.1"
      }
    },
    "proj4-fully-loaded": {
      "version": "0.0.4",
      "resolved": "https://registry.npmjs.org/proj4-fully-loaded/-/proj4-fully-loaded-0.0.4.tgz",
      "integrity": "sha512-74v+nA/T6Hcilukd0nFNTNSEf6Up62jzpLssk4Pr6psRWy2nZCdFV90kb4ZjmbbqBqu7V4D8G9C5V54NixBK4g==",
      "requires": {
        "proj4": "^2.7.2",
        "proj4js-definitions": "^0.1.0"
      }
    },
    "proj4js-definitions": {
      "version": "0.1.0",
      "resolved": "https://registry.npmjs.org/proj4js-definitions/-/proj4js-definitions-0.1.0.tgz",
      "integrity": "sha512-qmyhkWihIa3E3ZiFsNxvap6oS5+zEH85felbe/YVFuCr1E2j5yUrNQUOU9UEbvKkRJW9kk0MhENtbW3+9Nnr3g=="
    },
    "reproject-bbox": {
      "version": "0.1.0",
      "resolved": "https://registry.npmjs.org/reproject-bbox/-/reproject-bbox-0.1.0.tgz",
      "integrity": "sha512-vR2dbK3kp5X9nDpWycuPw7DswBxkaANDm738Ez8oo/X4uT+0U5qj/KeYf7U8gddnE2fwC5NBo5VITB4385vCvw==",
      "requires": {
        "proj4-fully-loaded": "^0.0.4"
      }
    },
    "snap-bbox": {
      "version": "0.2.0",
      "resolved": "https://registry.npmjs.org/snap-bbox/-/snap-bbox-0.2.0.tgz",
      "integrity": "sha512-sBK60xfdvcw967KB4SiE3rCfgMp/X/IJekkt7s1VsIK/dn8fg8LCfUaZ5ycgfaWOlpKAG8WZTjowR0uQ5qlAMg=="
    },
    "threads": {
      "version": "1.7.0",
      "resolved": "https://registry.npmjs.org/threads/-/threads-1.7.0.tgz",
      "integrity": "sha512-Mx5NBSHX3sQYR6iI9VYbgHKBLisyB+xROCBGjjWm1O9wb9vfLxdaGtmT/KCjUqMsSNW6nERzCW3T6H43LqjDZQ==",
      "dev": true,
      "requires": {
        "callsites": "^3.1.0",
        "debug": "^4.2.0",
        "is-observable": "^2.1.0",
        "observable-fns": "^0.6.1",
        "tiny-worker": ">= 2"
      }
    },
    "tiny-worker": {
      "version": "2.3.0",
      "resolved": "https://registry.npmjs.org/tiny-worker/-/tiny-worker-2.3.0.tgz",
      "integrity": "sha512-pJ70wq5EAqTAEl9IkGzA+fN0836rycEuz2Cn6yeZ6FRzlVS5IDOkFHpIoEsksPRQV34GDqXm65+OlnZqUSyK2g==",
      "dev": true,
      "optional": true,
      "requires": {
        "esm": "^3.2.25"
      }
    },
    "wkt-parser": {
      "version": "1.3.1",
      "resolved": "https://registry.npmjs.org/wkt-parser/-/wkt-parser-1.3.1.tgz",
      "integrity": "sha512-XK5qV+Y5gsygQfHx2/cS5a7Zxsgleaw8iX5UPC5eOXPc0TgJAu1JB9lr0iYYX3zAnN3p0aNiaN5c+1Bdblxwrg=="
    },
    "xml-utils": {
      "version": "1.0.2",
      "resolved": "https://registry.npmjs.org/xml-utils/-/xml-utils-1.0.2.tgz",
      "integrity": "sha512-rEn0FvKi+YGjv9omf22oAf+0d6Ly/sgJ/CUufU/nOzS7SRLmgwSujrewc03KojXxt+aPaTRpm593TgehtUBMSQ==",
      "dev": true
    },
    "yallist": {
      "version": "4.0.0",
      "resolved": "https://registry.npmjs.org/yallist/-/yallist-4.0.0.tgz",
      "integrity": "sha512-3wdGidZyq5PB084XLES5TpOSRA3wjXAlIWMhum2kRcv/41Sn2emQ0dycQW4uZXLejwKvg6EsvbdlVL+FYEct7A==",
      "dev": true
    }
  }
}
